
Microsoft Visual Studio Solution File, Format Version 12.00
# Visual Studio Version 17
VisualStudioVersion = 17.11.35222.181
MinimumVisualStudioVersion = 10.0.40219.1
Project("{FAE04EC0-301F-11D3-BF4B-00C04F79EFBC}") = "cerebral-cartography", "cerebral-cartography\cerebral-cartography.csproj", "{3D8DAD46-809F-43DB-86EE-C8110D6E8EB7}"
EndProject
Global
	GlobalSection(SolutionConfigurationPlatforms) = preSolution
		Debug|Any CPU = Debug|Any CPU
		Release|Any CPU = Release|Any CPU
	EndGlobalSection
	GlobalSection(ProjectConfigurationPlatforms) = postSolution
		{3D8DAD46-809F-43DB-86EE-C8110D6E8EB7}.Debug|Any CPU.ActiveCfg = Debug|Any CPU
		{3D8DAD46-809F-43DB-86EE-C8110D6E8EB7}.Debug|Any CPU.Build.0 = Debug|Any CPU
		{3D8DAD46-809F-43DB-86EE-C8110D6E8EB7}.Release|Any CPU.ActiveCfg = Release|Any CPU
		{3D8DAD46-809F-43DB-86EE-C8110D6E8EB7}.Release|Any CPU.Build.0 = Release|Any CPU
	EndGlobalSection
	GlobalSection(SolutionProperties) = preSolution
		HideSolutionNode = FALSE
	EndGlobalSection
	GlobalSection(ExtensibilityGlobals) = postSolution
		SolutionGuid = {F2430B0E-3D55-4EB3-8281-EFE384C60740}
	EndGlobalSection
EndGlobal
